# This file is automatically @generated by Cargo.
# It is not intended for manual editing.
version = 3

[[package]]
name = "cache-padded"
version = "1.2.0"
source = "registry+https://github.com/rust-lang/crates.io-index"
checksum = "c1db59621ec70f09c5e9b597b220c7a2b43611f4710dc03ceb8748637775692c"

[[package]]
name = "cfg_aliases"
version = "0.1.1"
source = "registry+https://github.com/rust-lang/crates.io-index"
checksum = "fd16c4719339c4530435d38e511904438d07cce7950afa3718a84ac36c10e89e"

[[package]]
name = "libc"
version = "0.2.124"
source = "registry+https://github.com/rust-lang/crates.io-index"
checksum = "21a41fed9d98f27ab1c6d161da622a4fa35e8a54a8adc24bbf3ddd0ef70b0e50"

[[package]]
name = "malloc_buf"
version = "0.0.6"
source = "registry+https://github.com/rust-lang/crates.io-index"
checksum = "62bb907fe88d54d8d9ce32a3cceab4218ed2f6b7d35617cafe9adf84e43919cb"
dependencies = [
 "libc",
]

[[package]]
name = "objc"
version = "0.2.7"
source = "registry+https://github.com/rust-lang/crates.io-index"
checksum = "915b1b472bc21c53464d6c8461c9d3af805ba1ef837e1cac254428f4a77177b1"
dependencies = [
 "malloc_buf",
]

[[package]]
name = "oml-audio"
version = "0.6.5-alpha"
source = "registry+https://github.com/rust-lang/crates.io-index"
checksum = "169e7c9e0a91239d1f3541aa9d8e85e6712cb6342e183856e6662610723b0ac5"
dependencies = [
 "cfg_aliases",
 "objc",
 "ringbuf",
]

[[package]]
name = "omr-bumper-test"
version = "0.1.6-dev"
dependencies = [
 "oml-audio",
]

[[package]]
name = "ringbuf"
version = "0.2.8"
source = "registry+https://github.com/rust-lang/crates.io-index"
checksum = "f65af18d50f789e74aaf23bbb3f65dcd22a3cb6e029b5bced149f6bd57c5c2a2"
dependencies = [
 "cache-padded",
]
